
Microsoft Visual Studio Solution File, Format Version 12.00
# Visual Studio Version 16
VisualStudioVersion = 16.0.31515.178
MinimumVisualStudioVersion = 10.0.40219.1
Project("{F184B08F-C81C-45F6-A57F-5ABD9991F28F}") = "LomakeValidointi", "LomakeValidointi\LomakeValidointi.vbproj", "{4932A5ED-B571-4C78-8777-7125C96CF5C2}"
EndProject
Global
	GlobalSection(SolutionConfigurationPlatforms) = preSolution
		Debug|Any CPU = Debug|Any CPU
		Release|Any CPU = Release|Any CPU
	EndGlobalSection
	GlobalSection(ProjectConfigurationPlatforms) = postSolution
		{4932A5ED-B571-4C78-8777-7125C96CF5C2}.Debug|Any CPU.ActiveCfg = Debug|Any CPU
		{4932A5ED-B571-4C78-8777-7125C96CF5C2}.Debug|Any CPU.Build.0 = Debug|Any CPU
		{4932A5ED-B571-4C78-8777-7125C96CF5C2}.Release|Any CPU.ActiveCfg = Release|Any CPU
		{4932A5ED-B571-4C78-8777-7125C96CF5C2}.Release|Any CPU.Build.0 = Release|Any CPU
	EndGlobalSection
	GlobalSection(SolutionProperties) = preSolution
		HideSolutionNode = FALSE
	EndGlobalSection
	GlobalSection(ExtensibilityGlobals) = postSolution
		SolutionGuid = {D4863D98-759D-455E-943D-3468689A5B03}
	EndGlobalSection
EndGlobal
